
Microsoft Visual Studio Solution File, Format Version 12.00
# Visual Studio Version 17
VisualStudioVersion = 17.10.35013.160
MinimumVisualStudioVersion = 10.0.40219.1
Project("{FAE04EC0-301F-11D3-BF4B-00C04F79EFBC}") = "Ecommerce_Shop_NDNB", "Ecommerce_Shop_NDNB\Ecommerce_Shop_NDNB.csproj", "{40E48D24-894E-4BB2-B223-0C1F4E35EA50}"
EndProject
Global
	GlobalSection(SolutionConfigurationPlatforms) = preSolution
		Debug|Any CPU = Debug|Any CPU
		Release|Any CPU = Release|Any CPU
	EndGlobalSection
	GlobalSection(ProjectConfigurationPlatforms) = postSolution
		{40E48D24-894E-4BB2-B223-0C1F4E35EA50}.Debug|Any CPU.ActiveCfg = Debug|Any CPU
		{40E48D24-894E-4BB2-B223-0C1F4E35EA50}.Debug|Any CPU.Build.0 = Debug|Any CPU
		{40E48D24-894E-4BB2-B223-0C1F4E35EA50}.Release|Any CPU.ActiveCfg = Release|Any CPU
		{40E48D24-894E-4BB2-B223-0C1F4E35EA50}.Release|Any CPU.Build.0 = Release|Any CPU
	EndGlobalSection
	GlobalSection(SolutionProperties) = preSolution
		HideSolutionNode = FALSE
	EndGlobalSection
	GlobalSection(ExtensibilityGlobals) = postSolution
		SolutionGuid = {E1AC353A-455E-4326-8CA5-956AC3F9E974}
	EndGlobalSection
EndGlobal
